// !$*UTF8*$!
{
	archiveVersion = 1;
	classes = {
	};
	objectVersion = 52;
	objects = {

/* Begin PBXBuildFile section */
		172471A6262949D40000DCF5 /* RandomUserApiApp.swift in Sources */ = {isa = PBXBuildFile; fileRef = 172471A5262949D40000DCF5 /* RandomUserApiApp.swift */; };
		172471A8262949D40000DCF5 /* ContentView.swift in Sources */ = {isa = PBXBuildFile; fileRef = 172471A7262949D40000DCF5 /* ContentView.swift */; };
		172471AA262949D50000DCF5 /* Assets.xcassets in Resources */ = {isa = PBXBuildFile; fileRef = 172471A9262949D50000DCF5 /* Assets.xcassets */; };
		172471AD262949D50000DCF5 /* Preview Assets.xcassets in Resources */ = {isa = PBXBuildFile; fileRef = 172471AC262949D50000DCF5 /* Preview Assets.xcassets */; };
		172471AF262949D50000DCF5 /* Persistence.swift in Sources */ = {isa = PBXBuildFile; fileRef = 172471AE262949D50000DCF5 /* Persistence.swift */; };
		172471B2262949D50000DCF5 /* RandomUserApi.xcdatamodeld in Sources */ = {isa = PBXBuildFile; fileRef = 172471B0262949D50000DCF5 /* RandomUserApi.xcdatamodeld */; };
		172471BC262955F00000DCF5 /* ProfileImgView.swift in Sources */ = {isa = PBXBuildFile; fileRef = 172471BB262955F00000DCF5 /* ProfileImgView.swift */; };
		172471C1262956F40000DCF5 /* URLImage in Frameworks */ = {isa = PBXBuildFile; productRef = 172471C0262956F40000DCF5 /* URLImage */; };
		172471C426295DA80000DCF5 /* RandomUserRowView.swift in Sources */ = {isa = PBXBuildFile; fileRef = 172471C326295DA80000DCF5 /* RandomUserRowView.swift */; };
		172471C8262967E90000DCF5 /* Alamofire in Frameworks */ = {isa = PBXBuildFile; productRef = 172471C7262967E90000DCF5 /* Alamofire */; };
		172471CC262969380000DCF5 /* RandomUser+ResponseData.swift in Sources */ = {isa = PBXBuildFile; fileRef = 172471CB262969380000DCF5 /* RandomUser+ResponseData.swift */; };
		172471D026296E970000DCF5 /* RandomUserViewModel.swift in Sources */ = {isa = PBXBuildFile; fileRef = 172471CF26296E970000DCF5 /* RandomUserViewModel.swift */; };
/* End PBXBuildFile section */

/* Begin PBXFileReference section */
		172471A2262949D40000DCF5 /* RandomUserApi.app */ = {isa = PBXFileReference; explicitFileType = wrapper.application; includeInIndex = 0; path = RandomUserApi.app; sourceTree = BUILT_PRODUCTS_DIR; };
		172471A5262949D40000DCF5 /* RandomUserApiApp.swift */ = {isa = PBXFileReference; lastKnownFileType = sourcecode.swift; path = RandomUserApiApp.swift; sourceTree = "<group>"; };
		172471A7262949D40000DCF5 /* ContentView.swift */ = {isa = PBXFileReference; lastKnownFileType = sourcecode.swift; path = ContentView.swift; sourceTree = "<group>"; };
		172471A9262949D50000DCF5 /* Assets.xcassets */ = {isa = PBXFileReference; lastKnownFileType = folder.assetcatalog; path = Assets.xcassets; sourceTree = "<group>"; };
		172471AC262949D50000DCF5 /* Preview Assets.xcassets */ = {isa = PBXFileReference; lastKnownFileType = folder.assetcatalog; path = "Preview Assets.xcassets"; sourceTree = "<group>"; };
		172471AE262949D50000DCF5 /* Persistence.swift */ = {isa = PBXFileReference; lastKnownFileType = sourcecode.swift; path = Persistence.swift; sourceTree = "<group>"; };
		172471B1262949D50000DCF5 /* RandomUserApi.xcdatamodel */ = {isa = PBXFileReference; lastKnownFileType = wrapper.xcdatamodel; path = RandomUserApi.xcdatamodel; sourceTree = "<group>"; };
		172471B3262949D50000DCF5 /* Info.plist */ = {isa = PBXFileReference; lastKnownFileType = text.plist.xml; path = Info.plist; sourceTree = "<group>"; };
		172471BB262955F00000DCF5 /* ProfileImgView.swift */ = {isa = PBXFileReference; lastKnownFileType = sourcecode.swift; path = ProfileImgView.swift; sourceTree = "<group>"; };
		172471C326295DA80000DCF5 /* RandomUserRowView.swift */ = {isa = PBXFileReference; lastKnownFileType = sourcecode.swift; path = RandomUserRowView.swift; sourceTree = "<group>"; };
		172471CB262969380000DCF5 /* RandomUser+ResponseData.swift */ = {isa = PBXFileReference; lastKnownFileType = sourcecode.swift; path = "RandomUser+ResponseData.swift"; sourceTree = "<group>"; };
		172471CF26296E970000DCF5 /* RandomUserViewModel.swift */ = {isa = PBXFileReference; lastKnownFileType = sourcecode.swift; path = RandomUserViewModel.swift; sourceTree = "<group>"; };
/* End PBXFileReference section */

/* Begin PBXFrameworksBuildPhase section */
		1724719F262949D40000DCF5 /* Frameworks */ = {
			isa = PBXFrameworksBuildPhase;
			buildActionMask = 2147483647;
			files = (
				172471C1262956F40000DCF5 /* URLImage in Frameworks */,
				172471C8262967E90000DCF5 /* Alamofire in Frameworks */,
			);
			runOnlyForDeploymentPostprocessing = 0;
		};
/* End PBXFrameworksBuildPhase section */

/* Begin PBXGroup section */
		17247199262949D40000DCF5 = {
			isa = PBXGroup;
			children = (
				172471A4262949D40000DCF5 /* RandomUserApi */,
				172471A3262949D40000DCF5 /* Products */,
			);
			sourceTree = "<group>";
		};
		172471A3262949D40000DCF5 /* Products */ = {
			isa = PBXGroup;
			children = (
				172471A2262949D40000DCF5 /* RandomUserApi.app */,
			);
			name = Products;
			sourceTree = "<group>";
		};
		172471A4262949D40000DCF5 /* RandomUserApi */ = {
			isa = PBXGroup;
			children = (
				172471CA2629691C0000DCF5 /* Data */,
				172471BA262949DF0000DCF5 /* UI */,
				172471A5262949D40000DCF5 /* RandomUserApiApp.swift */,
				172471A7262949D40000DCF5 /* ContentView.swift */,
				172471A9262949D50000DCF5 /* Assets.xcassets */,
				172471AE262949D50000DCF5 /* Persistence.swift */,
				172471B3262949D50000DCF5 /* Info.plist */,
				172471B0262949D50000DCF5 /* RandomUserApi.xcdatamodeld */,
				172471AB262949D50000DCF5 /* Preview Content */,
			);
			path = RandomUserApi;
			sourceTree = "<group>";
		};
		172471AB262949D50000DCF5 /* Preview Content */ = {
			isa = PBXGroup;
			children = (
				172471AC262949D50000DCF5 /* Preview Assets.xcassets */,
			);
			path = "Preview Content";
			sourceTree = "<group>";
		};
		172471BA262949DF0000DCF5 /* UI */ = {
			isa = PBXGroup;
			children = (
				172471BB262955F00000DCF5 /* ProfileImgView.swift */,
				172471C326295DA80000DCF5 /* RandomUserRowView.swift */,
			);
			path = UI;
			sourceTree = "<group>";
		};
		172471CA2629691C0000DCF5 /* Data */ = {
			isa = PBXGroup;
			children = (
				172471CB262969380000DCF5 /* RandomUser+ResponseData.swift */,
				172471CF26296E970000DCF5 /* RandomUserViewModel.swift */,
			);
			path = Data;
			sourceTree = "<group>";
		};
/* End PBXGroup section */

/* Begin PBXNativeTarget section */
		172471A1262949D40000DCF5 /* RandomUserApi */ = {
			isa = PBXNativeTarget;
			buildConfigurationList = 172471B6262949D50000DCF5 /* Build configuration list for PBXNativeTarget "RandomUserApi" */;
			buildPhases = (
				1724719E262949D40000DCF5 /* Sources */,
				1724719F262949D40000DCF5 /* Frameworks */,
				172471A0262949D40000DCF5 /* Resources */,
			);
			buildRules = (
			);
			dependencies = (
			);
			name = RandomUserApi;
			packageProductDependencies = (
				172471C0262956F40000DCF5 /* URLImage */,
				172471C7262967E90000DCF5 /* Alamofire */,
			);
			productName = RandomUserApi;
			productReference = 172471A2262949D40000DCF5 /* RandomUserApi.app */;
			productType = "com.apple.product-type.application";
		};
/* End PBXNativeTarget section */

/* Begin PBXProject section */
		1724719A262949D40000DCF5 /* Project object */ = {
			isa = PBXProject;
			attributes = {
				LastSwiftUpdateCheck = 1240;
				LastUpgradeCheck = 1240;
				TargetAttributes = {
					172471A1262949D40000DCF5 = {
						CreatedOnToolsVersion = 12.4;
					};
				};
			};
			buildConfigurationList = 1724719D262949D40000DCF5 /* Build configuration list for PBXProject "RandomUserApi" */;
			compatibilityVersion = "Xcode 9.3";
			developmentRegion = en;
			hasScannedForEncodings = 0;
			knownRegions = (
				en,
				Base,
			);
			mainGroup = 17247199262949D40000DCF5;
			packageReferences = (
				172471BF262956F40000DCF5 /* XCRemoteSwiftPackageReference "url-image" */,
				172471C6262967E90000DCF5 /* XCRemoteSwiftPackageReference "Alamofire" */,
			);
			productRefGroup = 172471A3262949D40000DCF5 /* Products */;
			projectDirPath = "";
			projectRoot = "";
			targets = (
				172471A1262949D40000DCF5 /* RandomUserApi */,
			);
		};
/* End PBXProject section */

/* Begin PBXResourcesBuildPhase section */
		172471A0262949D40000DCF5 /* Resources */ = {
			isa = PBXResourcesBuildPhase;
			buildActionMask = 2147483647;
			files = (
				172471AD262949D50000DCF5 /* Preview Assets.xcassets in Resources */,
				172471AA262949D50000DCF5 /* Assets.xcassets in Resources */,
			);
			runOnlyForDeploymentPostprocessing = 0;
		};
/* End PBXResourcesBuildPhase section */

/* Begin PBXSourcesBuildPhase section */
		1724719E262949D40000DCF5 /* Sources */ = {
			isa = PBXSourcesBuildPhase;
			buildActionMask = 2147483647;
			files = (
				172471D026296E970000DCF5 /* RandomUserViewModel.swift in Sources */,
				172471B2262949D50000DCF5 /* RandomUserApi.xcdatamodeld in Sources */,
				172471BC262955F00000DCF5 /* ProfileImgView.swift in Sources */,
				172471AF262949D50000DCF5 /* Persistence.swift in Sources */,
				172471CC262969380000DCF5 /* RandomUser+ResponseData.swift in Sources */,
				172471A8262949D40000DCF5 /* ContentView.swift in Sources */,
				172471A6262949D40000DCF5 /* RandomUserApiApp.swift in Sources */,
				172471C426295DA80000DCF5 /* RandomUserRowView.swift in Sources */,
			);
			runOnlyForDeploymentPostprocessing = 0;
		};
/* End PBXSourcesBuildPhase section */

/* Begin XCBuildConfiguration section */
		172471B4262949D50000DCF5 /* Debug */ = {
			isa = XCBuildConfiguration;
			buildSettings = {
				ALWAYS_SEARCH_USER_PATHS = NO;
				CLANG_ANALYZER_NONNULL = YES;
				CLANG_ANALYZER_NUMBER_OBJECT_CONVERSION = YES_AGGRESSIVE;
				CLANG_CXX_LANGUAGE_STANDARD = "gnu++14";
				CLANG_CXX_LIBRARY = "libc++";
				CLANG_ENABLE_MODULES = YES;
				CLANG_ENABLE_OBJC_ARC = YES;
				CLANG_ENABLE_OBJC_WEAK = YES;
				CLANG_WARN_BLOCK_CAPTURE_AUTORELEASING = YES;
				CLANG_WARN_BOOL_CONVERSION = YES;
				CLANG_WARN_COMMA = YES;
				CLANG_WARN_CONSTANT_CONVERSION = YES;
				CLANG_WARN_DEPRECATED_OBJC_IMPLEMENTATIONS = YES;
				CLANG_WARN_DIRECT_OBJC_ISA_USAGE = YES_ERROR;
				CLANG_WARN_DOCUMENTATION_COMMENTS = YES;
				CLANG_WARN_EMPTY_BODY = YES;
				CLANG_WARN_ENUM_CONVERSION = YES;
				CLANG_WARN_INFINITE_RECURSION = YES;
				CLANG_WARN_INT_CONVERSION = YES;
				CLANG_WARN_NON_LITERAL_NULL_CONVERSION = YES;
				CLANG_WARN_OBJC_IMPLICIT_RETAIN_SELF = YES;
				CLANG_WARN_OBJC_LITERAL_CONVERSION = YES;
				CLANG_WARN_OBJC_ROOT_CLASS = YES_ERROR;
				CLANG_WARN_QUOTED_INCLUDE_IN_FRAMEWORK_HEADER = YES;
				CLANG_WARN_RANGE_LOOP_ANALYSIS = YES;
				CLANG_WARN_STRICT_PROTOTYPES = YES;
				CLANG_WARN_SUSPICIOUS_MOVE = YES;
				CLANG_WARN_UNGUARDED_AVAILABILITY = YES_AGGRESSIVE;
				CLANG_WARN_UNREACHABLE_CODE = YES;
				CLANG_WARN__DUPLICATE_METHOD_MATCH = YES;
				COPY_PHASE_STRIP = NO;
				DEBUG_INFORMATION_FORMAT = dwarf;
				ENABLE_STRICT_OBJC_MSGSEND = YES;
				ENABLE_TESTABILITY = YES;
				GCC_C_LANGUAGE_STANDARD = gnu11;
				GCC_DYNAMIC_NO_PIC = NO;
				GCC_NO_COMMON_BLOCKS = YES;
				GCC_OPTIMIZATION_LEVEL = 0;
				GCC_PREPROCESSOR_DEFINITIONS = (
					"DEBUG=1",
					"$(inherited)",
				);
				GCC_WARN_64_TO_32_BIT_CONVERSION = YES;
				GCC_WARN_ABOUT_RETURN_TYPE = YES_ERROR;
				GCC_WARN_UNDECLARED_SELECTOR = YES;
				GCC_WARN_UNINITIALIZED_AUTOS = YES_AGGRESSIVE;
				GCC_WARN_UNUSED_FUNCTION = YES;
				GCC_WARN_UNUSED_VARIABLE = YES;
				IPHONEOS_DEPLOYMENT_TARGET = 14.4;
				MTL_ENABLE_DEBUG_INFO = INCLUDE_SOURCE;
				MTL_FAST_MATH = YES;
				ONLY_ACTIVE_ARCH = YES;
				SDKROOT = iphoneos;
				SWIFT_ACTIVE_COMPILATION_CONDITIONS = DEBUG;
				SWIFT_OPTIMIZATION_LEVEL = "-Onone";
			};
			name = Debug;
		};
		172471B5262949D50000DCF5 /* Release */ = {
			isa = XCBuildConfiguration;
			buildSettings = {
				ALWAYS_SEARCH_USER_PATHS = NO;
				CLANG_ANALYZER_NONNULL = YES;
				CLANG_ANALYZER_NUMBER_OBJECT_CONVERSION = YES_AGGRESSIVE;
				CLANG_CXX_LANGUAGE_STANDARD = "gnu++14";
				CLANG_CXX_LIBRARY = "libc++";
				CLANG_ENABLE_MODULES = YES;
				CLANG_ENABLE_OBJC_ARC = YES;
				CLANG_ENABLE_OBJC_WEAK = YES;
				CLANG_WARN_BLOCK_CAPTURE_AUTORELEASING = YES;
				CLANG_WARN_BOOL_CONVERSION = YES;
				CLANG_WARN_COMMA = YES;
				CLANG_WARN_CONSTANT_CONVERSION = YES;
				CLANG_WARN_DEPRECATED_OBJC_IMPLEMENTATIONS = YES;
				CLANG_WARN_DIRECT_OBJC_ISA_USAGE = YES_ERROR;
				CLANG_WARN_DOCUMENTATION_COMMENTS = YES;
				CLANG_WARN_EMPTY_BODY = YES;
				CLANG_WARN_ENUM_CONVERSION = YES;
				CLANG_WARN_INFINITE_RECURSION = YES;
				CLANG_WARN_INT_CONVERSION = YES;
				CLANG_WARN_NON_LITERAL_NULL_CONVERSION = YES;
				CLANG_WARN_OBJC_IMPLICIT_RETAIN_SELF = YES;
				CLANG_WARN_OBJC_LITERAL_CONVERSION = YES;
				CLANG_WARN_OBJC_ROOT_CLASS = YES_ERROR;
				CLANG_WARN_QUOTED_INCLUDE_IN_FRAMEWORK_HEADER = YES;
				CLANG_WARN_RANGE_LOOP_ANALYSIS = YES;
				CLANG_WARN_STRICT_PROTOTYPES = YES;
				CLANG_WARN_SUSPICIOUS_MOVE = YES;
				CLANG_WARN_UNGUARDED_AVAILABILITY = YES_AGGRESSIVE;
				CLANG_WARN_UNREACHABLE_CODE = YES;
				CLANG_WARN__DUPLICATE_METHOD_MATCH = YES;
				COPY_PHASE_STRIP = NO;
				DEBUG_INFORMATION_FORMAT = "dwarf-with-dsym";
				ENABLE_NS_ASSERTIONS = NO;
				ENABLE_STRICT_OBJC_MSGSEND = YES;
				GCC_C_LANGUAGE_STANDARD = gnu11;
				GCC_NO_COMMON_BLOCKS = YES;
				GCC_WARN_64_TO_32_BIT_CONVERSION = YES;
				GCC_WARN_ABOUT_RETURN_TYPE = YES_ERROR;
				GCC_WARN_UNDECLARED_SELECTOR = YES;
				GCC_WARN_UNINITIALIZED_AUTOS = YES_AGGRESSIVE;
				GCC_WARN_UNUSED_FUNCTION = YES;
				GCC_WARN_UNUSED_VARIABLE = YES;
				IPHONEOS_DEPLOYMENT_TARGET = 14.4;
				MTL_ENABLE_DEBUG_INFO = NO;
				MTL_FAST_MATH = YES;
				SDKROOT = iphoneos;
				SWIFT_COMPILATION_MODE = wholemodule;
				SWIFT_OPTIMIZATION_LEVEL = "-O";
				VALIDATE_PRODUCT = YES;
			};
			name = Release;
		};
		172471B7262949D50000DCF5 /* Debug */ = {
			isa = XCBuildConfiguration;
			buildSettings = {
				ASSETCATALOG_COMPILER_APPICON_NAME = AppIcon;
				ASSETCATALOG_COMPILER_GLOBAL_ACCENT_COLOR_NAME = AccentColor;
				CODE_SIGN_STYLE = Automatic;
				DEVELOPMENT_ASSET_PATHS = "\"RandomUserApi/Preview Content\"";
				ENABLE_PREVIEWS = YES;
				INFOPLIST_FILE = RandomUserApi/Info.plist;
				IPHONEOS_DEPLOYMENT_TARGET = 14.0;
				LD_RUNPATH_SEARCH_PATHS = (
					"$(inherited)",
					"@executable_path/Frameworks",
				);
				PRODUCT_BUNDLE_IDENTIFIER = com.7p3m1k.www.RandomUserApi;
				PRODUCT_NAME = "$(TARGET_NAME)";
				SWIFT_VERSION = 5.0;
				TARGETED_DEVICE_FAMILY = "1,2";
			};
			name = Debug;
		};
		172471B8262949D50000DCF5 /* Release */ = {
			isa = XCBuildConfiguration;
			buildSettings = {
				ASSETCATALOG_COMPILER_APPICON_NAME = AppIcon;
				ASSETCATALOG_COMPILER_GLOBAL_ACCENT_COLOR_NAME = AccentColor;
				CODE_SIGN_STYLE = Automatic;
				DEVELOPMENT_ASSET_PATHS = "\"RandomUserApi/Preview Content\"";
				ENABLE_PREVIEWS = YES;
				INFOPLIST_FILE = RandomUserApi/Info.plist;
				IPHONEOS_DEPLOYMENT_TARGET = 14.0;
				LD_RUNPATH_SEARCH_PATHS = (
					"$(inherited)",
					"@executable_path/Frameworks",
				);
				PRODUCT_BUNDLE_IDENTIFIER = com.7p3m1k.www.RandomUserApi;
				PRODUCT_NAME = "$(TARGET_NAME)";
				SWIFT_VERSION = 5.0;
				TARGETED_DEVICE_FAMILY = "1,2";
			};
			name = Release;
		};
/* End XCBuildConfiguration section */

/* Begin XCConfigurationList section */
		1724719D262949D40000DCF5 /* Build configuration list for PBXProject "RandomUserApi" */ = {
			isa = XCConfigurationList;
			buildConfigurations = (
				172471B4262949D50000DCF5 /* Debug */,
				172471B5262949D50000DCF5 /* Release */,
			);
			defaultConfigurationIsVisible = 0;
			defaultConfigurationName = Release;
		};
		172471B6262949D50000DCF5 /* Build configuration list for PBXNativeTarget "RandomUserApi" */ = {
			isa = XCConfigurationList;
			buildConfigurations = (
				172471B7262949D50000DCF5 /* Debug */,
				172471B8262949D50000DCF5 /* Release */,
			);
			defaultConfigurationIsVisible = 0;
			defaultConfigurationName = Release;
		};
/* End XCConfigurationList section */

/* Begin XCRemoteSwiftPackageReference section */
		172471BF262956F40000DCF5 /* XCRemoteSwiftPackageReference "url-image" */ = {
			isa = XCRemoteSwiftPackageReference;
			repositoryURL = "https://github.com/dmytro-anokhin/url-image";
			requirement = {
				kind = upToNextMajorVersion;
				minimumVersion = 2.2.3;
			};
		};
		172471C6262967E90000DCF5 /* XCRemoteSwiftPackageReference "Alamofire" */ = {
			isa = XCRemoteSwiftPackageReference;
			repositoryURL = "https://github.com/Alamofire/Alamofire.git";
			requirement = {
				kind = upToNextMajorVersion;
				minimumVersion = 5.4.2;
			};
		};
/* End XCRemoteSwiftPackageReference section */

/* Begin XCSwiftPackageProductDependency section */
		172471C0262956F40000DCF5 /* URLImage */ = {
			isa = XCSwiftPackageProductDependency;
			package = 172471BF262956F40000DCF5 /* XCRemoteSwiftPackageReference "url-image" */;
			productName = URLImage;
		};
		172471C7262967E90000DCF5 /* Alamofire */ = {
			isa = XCSwiftPackageProductDependency;
			package = 172471C6262967E90000DCF5 /* XCRemoteSwiftPackageReference "Alamofire" */;
			productName = Alamofire;
		};
/* End XCSwiftPackageProductDependency section */

/* Begin XCVersionGroup section */
		172471B0262949D50000DCF5 /* RandomUserApi.xcdatamodeld */ = {
			isa = XCVersionGroup;
			children = (
				172471B1262949D50000DCF5 /* RandomUserApi.xcdatamodel */,
			);
			currentVersion = 172471B1262949D50000DCF5 /* RandomUserApi.xcdatamodel */;
			path = RandomUserApi.xcdatamodeld;
			sourceTree = "<group>";
			versionGroupType = wrapper.xcdatamodel;
		};
/* End XCVersionGroup section */
	};
	rootObject = 1724719A262949D40000DCF5 /* Project object */;
}
